
Microsoft Visual Studio Solution File, Format Version 12.00
# Visual Studio 2013
VisualStudioVersion = 12.0.40629.0
MinimumVisualStudioVersion = 10.0.40219.1
Project("{FAE04EC0-301F-11D3-BF4B-00C04F79EFBC}") = "ASP.NETMVCA4", "ASP.NET MVC A4\ASP.NETMVCA4.csproj", "{7F88E760-CFA0-4D95-ACD2-3CB76C9E4AE2}"
EndProject
Project("{FAE04EC0-301F-11D3-BF4B-00C04F79EFBC}") = "ASP.NETMVCA4.Contracts", "ASP.NETMVCA4.Contracts\ASP.NETMVCA4.Contracts.csproj", "{A3F14F64-416E-4C77-BA70-E2123CB69464}"
EndProject
Project("{FAE04EC0-301F-11D3-BF4B-00C04F79EFBC}") = "ASP.NETMVCA4.Models", "ASP.NETMVCA4.Models\ASP.NETMVCA4.Models.csproj", "{3D92C50A-C1A3-42AE-8779-8E438499918B}"
EndProject
Project("{FAE04EC0-301F-11D3-BF4B-00C04F79EFBC}") = "ASP.NETMVCA4.DAL", "ASP.NETMVCA4.DAL\ASP.NETMVCA4.DAL.csproj", "{58CCDEF4-E727-4107-8607-F261F425CF86}"
EndProject
Global
	GlobalSection(SolutionConfigurationPlatforms) = preSolution
		Debug|Any CPU = Debug|Any CPU
		Release|Any CPU = Release|Any CPU
	EndGlobalSection
	GlobalSection(ProjectConfigurationPlatforms) = postSolution
		{7F88E760-CFA0-4D95-ACD2-3CB76C9E4AE2}.Debug|Any CPU.ActiveCfg = Debug|Any CPU
		{7F88E760-CFA0-4D95-ACD2-3CB76C9E4AE2}.Debug|Any CPU.Build.0 = Debug|Any CPU
		{7F88E760-CFA0-4D95-ACD2-3CB76C9E4AE2}.Release|Any CPU.ActiveCfg = Release|Any CPU
		{7F88E760-CFA0-4D95-ACD2-3CB76C9E4AE2}.Release|Any CPU.Build.0 = Release|Any CPU
		{A3F14F64-416E-4C77-BA70-E2123CB69464}.Debug|Any CPU.ActiveCfg = Debug|Any CPU
		{A3F14F64-416E-4C77-BA70-E2123CB69464}.Debug|Any CPU.Build.0 = Debug|Any CPU
		{A3F14F64-416E-4C77-BA70-E2123CB69464}.Release|Any CPU.ActiveCfg = Release|Any CPU
		{A3F14F64-416E-4C77-BA70-E2123CB69464}.Release|Any CPU.Build.0 = Release|Any CPU
		{3D92C50A-C1A3-42AE-8779-8E438499918B}.Debug|Any CPU.ActiveCfg = Debug|Any CPU
		{3D92C50A-C1A3-42AE-8779-8E438499918B}.Debug|Any CPU.Build.0 = Debug|Any CPU
		{3D92C50A-C1A3-42AE-8779-8E438499918B}.Release|Any CPU.ActiveCfg = Release|Any CPU
		{3D92C50A-C1A3-42AE-8779-8E438499918B}.Release|Any CPU.Build.0 = Release|Any CPU
		{58CCDEF4-E727-4107-8607-F261F425CF86}.Debug|Any CPU.ActiveCfg = Debug|Any CPU
		{58CCDEF4-E727-4107-8607-F261F425CF86}.Debug|Any CPU.Build.0 = Debug|Any CPU
		{58CCDEF4-E727-4107-8607-F261F425CF86}.Release|Any CPU.ActiveCfg = Release|Any CPU
		{58CCDEF4-E727-4107-8607-F261F425CF86}.Release|Any CPU.Build.0 = Release|Any CPU
	EndGlobalSection
	GlobalSection(SolutionProperties) = preSolution
		HideSolutionNode = FALSE
	EndGlobalSection
EndGlobal
